// !$*UTF8*$!
{
	archiveVersion = 1;
	classes = {
	};
	objectVersion = 77;
	objects = {

/* Begin PBXBuildFile section */
		001DF2E47D4BC8313862FAE7 /* ScorePill.swift in Sources */ = {isa = PBXBuildFile; fileRef = AD09DC98861333C9172B7421 /* ScorePill.swift */; };
		077D830184BB5B8970CBC226 /* WordProgressRepositoryProtocol.swift in Sources */ = {isa = PBXBuildFile; fileRef = AB4F7770EB00BEE163148049 /* WordProgressRepositoryProtocol.swift */; };
		0A47B95BF53DAF2011672F01 /* LetterProtocol.swift in Sources */ = {isa = PBXBuildFile; fileRef = 4C2EFDE1845BA0B2B0E41EC5 /* LetterProtocol.swift */; };
		0C89D7CA2F337159AA5E0543 /* LetterRepositoryTests.swift in Sources */ = {isa = PBXBuildFile; fileRef = 112736289D485C88F57BBBFC /* LetterRepositoryTests.swift */; };
		114BBE5C2562BF5C106A313C /* sound_error.caf in Resources */ = {isa = PBXBuildFile; fileRef = F085CBBED8EEC14CCDC27117 /* sound_error.caf */; };
		12918A73A692FC1E50FA92CA /* Assets.xcassets in Resources */ = {isa = PBXBuildFile; fileRef = 049E3D5B8AC3C8FA37329337 /* Assets.xcassets */; };
		136D979DF75E2740C8ECC353 /* ChildProgressProtocol.swift in Sources */ = {isa = PBXBuildFile; fileRef = 45B31FB8EC4D43AB1A4554C2 /* ChildProgressProtocol.swift */; };
		15E17022F26E8CA865792648 /* LetterRepository.swift in Sources */ = {isa = PBXBuildFile; fileRef = 1CDF4A71CDFE1769AF64E7BD /* LetterRepository.swift */; };
		1AAEA498FAFBA942BAD4F2F7 /* RxRelay in Frameworks */ = {isa = PBXBuildFile; productRef = 6FFE7940C51255B699CEE6AD /* RxRelay */; };
		1DD78C33A7C8D8414719AFE7 /* StrokeGuideOverlay.swift in Sources */ = {isa = PBXBuildFile; fileRef = 6B07C0281738EE4E807EC98C /* StrokeGuideOverlay.swift */; };
		1E730A783A43E01BC163657C /* OnboardingViewModelTests.swift in Sources */ = {isa = PBXBuildFile; fileRef = 58C0E48C0BF55AD046898C0D /* OnboardingViewModelTests.swift */; };
		21F3D34CFA21BBB0EEA3549C /* LetterQuestApp.swift in Sources */ = {isa = PBXBuildFile; fileRef = 5CA37342FDEA2AAD5B4C02A3 /* LetterQuestApp.swift */; };
		22BD7ABFC5C05A97CB5994B4 /* LetterScoringTests.swift in Sources */ = {isa = PBXBuildFile; fileRef = 098BD4D277ED4F5A379EA444 /* LetterScoringTests.swift */; };
		270725F6A5F9E477A8BC87D3 /* ProgressScreen.swift in Sources */ = {isa = PBXBuildFile; fileRef = 755E5E548935587C9A488ED8 /* ProgressScreen.swift */; };
		27DA112CA7D25F1402EE9A65 /* sound_encouragement.caf in Resources */ = {isa = PBXBuildFile; fileRef = 7A57667741FF6BA4729D8286 /* sound_encouragement.caf */; };
		2967997C3EB4BF51D837D3CD /* WordsListViewModelProtocol.swift in Sources */ = {isa = PBXBuildFile; fileRef = BE118BB1CB933C6335391313 /* WordsListViewModelProtocol.swift */; };
		2D469449D00D8D85BE73A3AC /* LensTests.swift in Sources */ = {isa = PBXBuildFile; fileRef = F83C9544FC3E28466658DAEC /* LensTests.swift */; };
		2F0AC813FE9B4298F4957B57 /* ShapeAnalyzerTests.swift in Sources */ = {isa = PBXBuildFile; fileRef = 5DCCC1D483472F7B4999104E /* ShapeAnalyzerTests.swift */; };
		2FA83E03644D242D87AD7DF6 /* RxSwift in Frameworks */ = {isa = PBXBuildFile; productRef = 6FF719E46BBC822302DC9981 /* RxSwift */; };
		34FFBD85F89D9636D310EC1F /* LearnView.swift in Sources */ = {isa = PBXBuildFile; fileRef = 769BDC114A6316C66A5809FF /* LearnView.swift */; };
		36BAF5DA4115561440D2EC1C /* ScorePanel.swift in Sources */ = {isa = PBXBuildFile; fileRef = 812309753D5215D0178B8211 /* ScorePanel.swift */; };
		386FA05BB0E7003B495A7E5C /* ProgressViewModelProtocol.swift in Sources */ = {isa = PBXBuildFile; fileRef = F6C739DE0E1CFA1139E76478 /* ProgressViewModelProtocol.swift */; };
		3A74D108A71BA78C827DA7D6 /* RxCocoa in Frameworks */ = {isa = PBXBuildFile; productRef = 214F97C7D070D21079B32FB6 /* RxCocoa */; };
		4078C636D3D277F862B24278 /* LearnViewModel.swift in Sources */ = {isa = PBXBuildFile; fileRef = 9F108A164B40D096F83FAE75 /* LearnViewModel.swift */; };
		44898E4D49374CC791843BD4 /* WordCelebrationView.swift in Sources */ = {isa = PBXBuildFile; fileRef = 29AA0C5BA26A868B818A9A68 /* WordCelebrationView.swift */; };
		44DA0C98D55A561DA0B29E28 /* Letter.swift in Sources */ = {isa = PBXBuildFile; fileRef = 992F1C3DAA66101352456843 /* Letter.swift */; };
		44FAB1AE4C734AD6F9F78835 /* WordsListViewModel.swift in Sources */ = {isa = PBXBuildFile; fileRef = B524F4541B1BEDB7961B62C8 /* WordsListViewModel.swift */; };
		44FE18163DF3BA7E7169E33E /* WordProgressProtocol.swift in Sources */ = {isa = PBXBuildFile; fileRef = 79607824A33E7C7AB8D13B39 /* WordProgressProtocol.swift */; };
		4532FC4173315C68A979A36D /* PracticeViewModelTests.swift in Sources */ = {isa = PBXBuildFile; fileRef = EC830F81ABBE0BC4926A597A /* PracticeViewModelTests.swift */; };
		455CAD4836C99400CF343223 /* PracticeViewModelProtocol.swift in Sources */ = {isa = PBXBuildFile; fileRef = 006CA037E903B3D01C819D2F /* PracticeViewModelProtocol.swift */; };
		46DFA9DFD8C9A550CE79C791 /* CanvasView.swift in Sources */ = {isa = PBXBuildFile; fileRef = 9DC64F796C8A96655E9040C8 /* CanvasView.swift */; };
		484DC7D7ABF6FE3733BA41BB /* HomeViewModel.swift in Sources */ = {isa = PBXBuildFile; fileRef = 7050E20CFD4CD5F4C26F1EA0 /* HomeViewModel.swift */; };
		4D8DFF53DB39AD4E0D9686F4 /* WordProgress.swift in Sources */ = {isa = PBXBuildFile; fileRef = 4C5526126E9DECE2DF78BEE7 /* WordProgress.swift */; };
		517207409B28B33D9B0E936B /* RxBlocking in Frameworks */ = {isa = PBXBuildFile; productRef = 92EF0825BE013DD9D3A9E411 /* RxBlocking */; };
		5721F84B10244DB6514838A0 /* WordPracticeViewModelProtocol.swift in Sources */ = {isa = PBXBuildFile; fileRef = 332411A270E26DE8065F5F41 /* WordPracticeViewModelProtocol.swift */; };
		59EC2279CF18F11DA517756E /* AppRouter.swift in Sources */ = {isa = PBXBuildFile; fileRef = BB5006C5EDD04D1A214142CF /* AppRouter.swift */; };
		5D466BDFF44F710BE9A6A09F /* OnboardingViewModel.swift in Sources */ = {isa = PBXBuildFile; fileRef = DC956BF30AA90A0BC68A2B90 /* OnboardingViewModel.swift */; };
		5DA251F19E421957E911B866 /* LetterStrokeAnimation.swift in Sources */ = {isa = PBXBuildFile; fileRef = E4D2B069F46666734EE1FADA /* LetterStrokeAnimation.swift */; };
		605FE2295376EEED7F73F227 /* ProgressViewModelTests.swift in Sources */ = {isa = PBXBuildFile; fileRef = 28651D65138E71D9AC880FB4 /* ProgressViewModelTests.swift */; };
		63B2F0279FF38EBA744A2F83 /* OnboardingView.swift in Sources */ = {isa = PBXBuildFile; fileRef = 89CAAF2A093EBC2A2F1BA683 /* OnboardingView.swift */; };
		63BFCC0C7BE4D144ED007D1C /* SoundServiceProtocol.swift in Sources */ = {isa = PBXBuildFile; fileRef = D782ED3BC37B1FCD49BF7A8E /* SoundServiceProtocol.swift */; };
		680D2B9EB7258B6AD0DC9FD7 /* CelebrationView.swift in Sources */ = {isa = PBXBuildFile; fileRef = 75B7A9E4F71584D92C44DECD /* CelebrationView.swift */; };
		690EB36D1B9A0102586C3E8B /* LearnViewModelProtocol.swift in Sources */ = {isa = PBXBuildFile; fileRef = 7A604BB7282CA8344B6FE55E /* LearnViewModelProtocol.swift */; };
		6A72222B14250807CE544385 /* WordPracticeViewModel.swift in Sources */ = {isa = PBXBuildFile; fileRef = D0BA1494A839E01A25A5AD47 /* WordPracticeViewModel.swift */; };
		6BFA7BC96A072B6111F3B7AD /* PracticeViewModel.swift in Sources */ = {isa = PBXBuildFile; fileRef = 8174E42BF9DF884B1D8A9343 /* PracticeViewModel.swift */; };
		6F7E36540016714C7DB7B43C /* TestHelpers.swift in Sources */ = {isa = PBXBuildFile; fileRef = ACA258EAF1E83568E0F488E7 /* TestHelpers.swift */; };
		7277E698B6C392368B5423B5 /* ChildProgress.swift in Sources */ = {isa = PBXBuildFile; fileRef = 43BB3FCB9A449A7D44A8263F /* ChildProgress.swift */; };
		75AE70044E0F3054D8787A9D /* ProportionChecker.swift in Sources */ = {isa = PBXBuildFile; fileRef = 9433FE7BF0B0921DA1003DF8 /* ProportionChecker.swift */; };
		75AF59D9A0DD1A56DCB81010 /* WordProgressRepository.swift in Sources */ = {isa = PBXBuildFile; fileRef = 1E00B0BED89AF331997BB16B /* WordProgressRepository.swift */; };
		7962FDB7D15A0D0451DB8DA8 /* StrokeTemplateTests.swift in Sources */ = {isa = PBXBuildFile; fileRef = 7A51E5DBF2E37C929565785F /* StrokeTemplateTests.swift */; };
		79CBA484961EFEC361FFACEA /* StrokeTemplate.swift in Sources */ = {isa = PBXBuildFile; fileRef = DEEEC5A6C57222A50AC1E976 /* StrokeTemplate.swift */; };
		7DBBD87D4D4A6CDC74F4504F /* SoundServiceTests.swift in Sources */ = {isa = PBXBuildFile; fileRef = 19CD5FDD0B1CAE3D731509FD /* SoundServiceTests.swift */; };
		7F1390568AD284D923982337 /* AssessmentResult.swift in Sources */ = {isa = PBXBuildFile; fileRef = A1A593EAADE086878B90059F /* AssessmentResult.swift */; };
		8123E62C8F46557786CA4D08 /* PracticeView.swift in Sources */ = {isa = PBXBuildFile; fileRef = 361739AB30540BC15E7C4DAB /* PracticeView.swift */; };
		8558DF4AC3AAEF02A8052DC7 /* HomeViewModelTests.swift in Sources */ = {isa = PBXBuildFile; fileRef = AA1490535B1A62C544E6923E /* HomeViewModelTests.swift */; };
		95355797DCF9EA8A155451AC /* DTWMatcherTests.swift in Sources */ = {isa = PBXBuildFile; fileRef = 14844D93D177D69B434A05B8 /* DTWMatcherTests.swift */; };
		98B07794A2040BA00636BF29 /* Word.swift in Sources */ = {isa = PBXBuildFile; fileRef = 052412BBCAA0DF41312A3FF5 /* Word.swift */; };
		99D4F884375F9DA00A6EA5BF /* LetterRepositoryProtocol.swift in Sources */ = {isa = PBXBuildFile; fileRef = EC139D409E559F5D9F63BEB0 /* LetterRepositoryProtocol.swift */; };
		9A6DAA17C670E5ED337829AF /* Lens.swift in Sources */ = {isa = PBXBuildFile; fileRef = 75AA7BDFED2DF1B9EEECC31A /* Lens.swift */; };
		9E26604338D5E624A16187CA /* HomeView.swift in Sources */ = {isa = PBXBuildFile; fileRef = C310E3DEE06E8EEA6A2C88FF /* HomeView.swift */; };
		9EE7F7E824575E0235F329BC /* LetterCase.swift in Sources */ = {isa = PBXBuildFile; fileRef = 404746555ACB7A87AACC3086 /* LetterCase.swift */; };
		A1062EE2F9E582746EA828BC /* HapticsServiceProtocol.swift in Sources */ = {isa = PBXBuildFile; fileRef = B27552B2410B78FE5C0E6AA6 /* HapticsServiceProtocol.swift */; };
		AC2864E30477318FBD6CD0B8 /* HandwritingAssessor.swift in Sources */ = {isa = PBXBuildFile; fileRef = 796BCAD52F4783AABB60AF24 /* HandwritingAssessor.swift */; };
		B05151260752971A2CE47A13 /* WordRepositoryTests.swift in Sources */ = {isa = PBXBuildFile; fileRef = C87ACAF9266A84CAE59EF228 /* WordRepositoryTests.swift */; };
		B06EBF4172C52F5CE7FC8716 /* DTWMatcher.swift in Sources */ = {isa = PBXBuildFile; fileRef = 8A786F035A269449297E48A5 /* DTWMatcher.swift */; };
		B3F54C178EC20045B8C1A11F /* WordsListView.swift in Sources */ = {isa = PBXBuildFile; fileRef = 56C6A7CD32967EA17AC38C91 /* WordsListView.swift */; };
		B503D649F7C98E7B0522FC5B /* ProgressViewModel.swift in Sources */ = {isa = PBXBuildFile; fileRef = 4DFA1C2FC6507233EE4ED1B0 /* ProgressViewModel.swift */; };
		B5851D2B3EAC1AFA277C53E1 /* StrokeTemplateProtocol.swift in Sources */ = {isa = PBXBuildFile; fileRef = 86470B0C6B5DE23562E745F9 /* StrokeTemplateProtocol.swift */; };
		B99CA6F8B5A50C69997E1DF1 /* ProportionCheckerTests.swift in Sources */ = {isa = PBXBuildFile; fileRef = 0EFB2B9A02B86A4BBC360410 /* ProportionCheckerTests.swift */; };
		BF4D8EBBBA0597D718A4C240 /* LowercaseStrokeTemplateTests.swift in Sources */ = {isa = PBXBuildFile; fileRef = 0162EBDB69F68A710DEA43CA /* LowercaseStrokeTemplateTests.swift */; };
		C071C4B9FB90BDE9AA8FFF7D /* ShapeAnalyzer.swift in Sources */ = {isa = PBXBuildFile; fileRef = B44760D62CCEA5B074DD5F27 /* ShapeAnalyzer.swift */; };
		C4498613B4EBD8310305C333 /* HapticsServiceTests.swift in Sources */ = {isa = PBXBuildFile; fileRef = F64BD1CC9C7F96F03B29CA0C /* HapticsServiceTests.swift */; };
		C682F230C291DB27864F44E0 /* WordProtocol.swift in Sources */ = {isa = PBXBuildFile; fileRef = DDC768968026B7DBBFD074D8 /* WordProtocol.swift */; };
		C69AFC2FCAF755586AC26092 /* ProgressRepositoryProtocol.swift in Sources */ = {isa = PBXBuildFile; fileRef = B4F9FA7EEE93838BAB4AE6C1 /* ProgressRepositoryProtocol.swift */; };
		C8528D90E1001EF541C7A78C /* SmoothnessAnalyzer.swift in Sources */ = {isa = PBXBuildFile; fileRef = 71551025338921F4DACAFBCE /* SmoothnessAnalyzer.swift */; };
		CD77154B592617A684047983 /* OnboardingViewModelProtocol.swift in Sources */ = {isa = PBXBuildFile; fileRef = DD166B1420DD78256836C576 /* OnboardingViewModelProtocol.swift */; };
		D1A289C9CA22DB10A07EA656 /* sound_success.caf in Resources */ = {isa = PBXBuildFile; fileRef = 37550DB2F2BB3148C5AC8205 /* sound_success.caf */; };
		D66AE5ACA26B25C89D5F616E /* HandwritingAssessorTests.swift in Sources */ = {isa = PBXBuildFile; fileRef = 327CAFE405041E641922A92B /* HandwritingAssessorTests.swift */; };
		D6BF06BA1DDFA359D2A76147 /* WordPracticeView.swift in Sources */ = {isa = PBXBuildFile; fileRef = 7ABAEB6C942DF42D5E6CE1E6 /* WordPracticeView.swift */; };
		D75B85120991EE10E96CDB62 /* ChildProgressTests.swift in Sources */ = {isa = PBXBuildFile; fileRef = 752BF22F42303DB5B0B3E3EC /* ChildProgressTests.swift */; };
		DA491A86164285A5F76D9E7F /* WordRepository.swift in Sources */ = {isa = PBXBuildFile; fileRef = C86CA09AC3AC82CBDEA1E454 /* WordRepository.swift */; };
		DAF6BC03B924E5C3523D532A /* AchievementBadge.swift in Sources */ = {isa = PBXBuildFile; fileRef = 540AE9D835A0BA82FF8D9F3A /* AchievementBadge.swift */; };
		DBA9637684908B7582D19E16 /* AppRoute.swift in Sources */ = {isa = PBXBuildFile; fileRef = E98BF851C9FF32F003C10E72 /* AppRoute.swift */; };
		DEA4A439E1B101A18CA093EA /* HomeViewModelProtocol.swift in Sources */ = {isa = PBXBuildFile; fileRef = 472F368E430B8FBD7DBFFB17 /* HomeViewModelProtocol.swift */; };
		E13701B74708E7C301467F03 /* HapticsService.swift in Sources */ = {isa = PBXBuildFile; fileRef = 431C1629B5AE066AC25E0A59 /* HapticsService.swift */; };
		E208F5607BDF6DCC6A595729 /* WordRepositoryProtocol.swift in Sources */ = {isa = PBXBuildFile; fileRef = 4BE6AA4D5E2FBD1B0AE12AA9 /* WordRepositoryProtocol.swift */; };
		E46D41396A93EC38E024807B /* AssessmentResultProtocol.swift in Sources */ = {isa = PBXBuildFile; fileRef = 90C78CA288CDEB2509B07416 /* AssessmentResultProtocol.swift */; };
		E7FF178FF61EEEFDFB5697CA /* WordPracticeViewModelTests.swift in Sources */ = {isa = PBXBuildFile; fileRef = 2253DC0191CAE3948F9DE007 /* WordPracticeViewModelTests.swift */; };
		EA35A4149A3F37A9E63E552E /* SoundService.swift in Sources */ = {isa = PBXBuildFile; fileRef = AB540C8E5E111E40885431ED /* SoundService.swift */; };
		EDA3268A3A774B91C8271567 /* ProgressRepository.swift in Sources */ = {isa = PBXBuildFile; fileRef = D7182F2B3AA59CB95B9C2508 /* ProgressRepository.swift */; };
		F1CF4683AD601C54D43C116D /* LearnViewModelTests.swift in Sources */ = {isa = PBXBuildFile; fileRef = 9F8B8D90AABAE9EE61A7F0FD /* LearnViewModelTests.swift */; };
		F404677370487D7F5964FA66 /* WordProgressTests.swift in Sources */ = {isa = PBXBuildFile; fileRef = E02010C720AF0A2DBC189137 /* WordProgressTests.swift */; };
		F538299546D668A47B6EE5F0 /* SmoothnessAnalyzerTests.swift in Sources */ = {isa = PBXBuildFile; fileRef = 1F988D5DC353CEE31CF52154 /* SmoothnessAnalyzerTests.swift */; };
/* End PBXBuildFile section */

/* Begin PBXContainerItemProxy section */
		65D21FC6574DEAED98B20FFF /* PBXContainerItemProxy */ = {
			isa = PBXContainerItemProxy;
			containerPortal = 6C1DB78235DDA218A899FDDA /* Project object */;
			proxyType = 1;
			remoteGlobalIDString = 6A70E31AD1EDDBB1E656BA29;
			remoteInfo = LetterQuest;
		};
/* End PBXContainerItemProxy section */

/* Begin PBXFileReference section */
		006CA037E903B3D01C819D2F /* PracticeViewModelProtocol.swift */ = {isa = PBXFileReference; lastKnownFileType = sourcecode.swift; path = PracticeViewModelProtocol.swift; sourceTree = "<group>"; };
		0162EBDB69F68A710DEA43CA /* LowercaseStrokeTemplateTests.swift */ = {isa = PBXFileReference; lastKnownFileType = sourcecode.swift; path = LowercaseStrokeTemplateTests.swift; sourceTree = "<group>"; };
		049E3D5B8AC3C8FA37329337 /* Assets.xcassets */ = {isa = PBXFileReference; lastKnownFileType = folder.assetcatalog; path = Assets.xcassets; sourceTree = "<group>"; };
		052412BBCAA0DF41312A3FF5 /* Word.swift */ = {isa = PBXFileReference; lastKnownFileType = sourcecode.swift; path = Word.swift; sourceTree = "<group>"; };
		098BD4D277ED4F5A379EA444 /* LetterScoringTests.swift */ = {isa = PBXFileReference; lastKnownFileType = sourcecode.swift; path = LetterScoringTests.swift; sourceTree = "<group>"; };
		0EFB2B9A02B86A4BBC360410 /* ProportionCheckerTests.swift */ = {isa = PBXFileReference; lastKnownFileType = sourcecode.swift; path = ProportionCheckerTests.swift; sourceTree = "<group>"; };
		112736289D485C88F57BBBFC /* LetterRepositoryTests.swift */ = {isa = PBXFileReference; lastKnownFileType = sourcecode.swift; path = LetterRepositoryTests.swift; sourceTree = "<group>"; };
		14844D93D177D69B434A05B8 /* DTWMatcherTests.swift */ = {isa = PBXFileReference; lastKnownFileType = sourcecode.swift; path = DTWMatcherTests.swift; sourceTree = "<group>"; };
		19CD5FDD0B1CAE3D731509FD /* SoundServiceTests.swift */ = {isa = PBXFileReference; lastKnownFileType = sourcecode.swift; path = SoundServiceTests.swift; sourceTree = "<group>"; };
		1CDF4A71CDFE1769AF64E7BD /* LetterRepository.swift */ = {isa = PBXFileReference; lastKnownFileType = sourcecode.swift; path = LetterRepository.swift; sourceTree = "<group>"; };
		1E00B0BED89AF331997BB16B /* WordProgressRepository.swift */ = {isa = PBXFileReference; lastKnownFileType = sourcecode.swift; path = WordProgressRepository.swift; sourceTree = "<group>"; };
		1F988D5DC353CEE31CF52154 /* SmoothnessAnalyzerTests.swift */ = {isa = PBXFileReference; lastKnownFileType = sourcecode.swift; path = SmoothnessAnalyzerTests.swift; sourceTree = "<group>"; };
		2253DC0191CAE3948F9DE007 /* WordPracticeViewModelTests.swift */ = {isa = PBXFileReference; lastKnownFileType = sourcecode.swift; path = WordPracticeViewModelTests.swift; sourceTree = "<group>"; };
		28651D65138E71D9AC880FB4 /* ProgressViewModelTests.swift */ = {isa = PBXFileReference; lastKnownFileType = sourcecode.swift; path = ProgressViewModelTests.swift; sourceTree = "<group>"; };
		29AA0C5BA26A868B818A9A68 /* WordCelebrationView.swift */ = {isa = PBXFileReference; lastKnownFileType = sourcecode.swift; path = WordCelebrationView.swift; sourceTree = "<group>"; };
		327CAFE405041E641922A92B /* HandwritingAssessorTests.swift */ = {isa = PBXFileReference; lastKnownFileType = sourcecode.swift; path = HandwritingAssessorTests.swift; sourceTree = "<group>"; };
		332411A270E26DE8065F5F41 /* WordPracticeViewModelProtocol.swift */ = {isa = PBXFileReference; lastKnownFileType = sourcecode.swift; path = WordPracticeViewModelProtocol.swift; sourceTree = "<group>"; };
		361739AB30540BC15E7C4DAB /* PracticeView.swift */ = {isa = PBXFileReference; lastKnownFileType = sourcecode.swift; path = PracticeView.swift; sourceTree = "<group>"; };
		37550DB2F2BB3148C5AC8205 /* sound_success.caf */ = {isa = PBXFileReference; lastKnownFileType = file; path = sound_success.caf; sourceTree = "<group>"; };
		404746555ACB7A87AACC3086 /* LetterCase.swift */ = {isa = PBXFileReference; lastKnownFileType = sourcecode.swift; path = LetterCase.swift; sourceTree = "<group>"; };
		431C1629B5AE066AC25E0A59 /* HapticsService.swift */ = {isa = PBXFileReference; lastKnownFileType = sourcecode.swift; path = HapticsService.swift; sourceTree = "<group>"; };
		43BB3FCB9A449A7D44A8263F /* ChildProgress.swift */ = {isa = PBXFileReference; lastKnownFileType = sourcecode.swift; path = ChildProgress.swift; sourceTree = "<group>"; };
		45B31FB8EC4D43AB1A4554C2 /* ChildProgressProtocol.swift */ = {isa = PBXFileReference; lastKnownFileType = sourcecode.swift; path = ChildProgressProtocol.swift; sourceTree = "<group>"; };
		472F368E430B8FBD7DBFFB17 /* HomeViewModelProtocol.swift */ = {isa = PBXFileReference; lastKnownFileType = sourcecode.swift; path = HomeViewModelProtocol.swift; sourceTree = "<group>"; };
		49E23D18EA65BEF858EE505B /* LetterQuestTests.xctest */ = {isa = PBXFileReference; explicitFileType = wrapper.cfbundle; includeInIndex = 0; path = LetterQuestTests.xctest; sourceTree = BUILT_PRODUCTS_DIR; };
		4BE6AA4D5E2FBD1B0AE12AA9 /* WordRepositoryProtocol.swift */ = {isa = PBXFileReference; lastKnownFileType = sourcecode.swift; path = WordRepositoryProtocol.swift; sourceTree = "<group>"; };
		4C2EFDE1845BA0B2B0E41EC5 /* LetterProtocol.swift */ = {isa = PBXFileReference; lastKnownFileType = sourcecode.swift; path = LetterProtocol.swift; sourceTree = "<group>"; };
		4C5526126E9DECE2DF78BEE7 /* WordProgress.swift */ = {isa = PBXFileReference; lastKnownFileType = sourcecode.swift; path = WordProgress.swift; sourceTree = "<group>"; };
		4DFA1C2FC6507233EE4ED1B0 /* ProgressViewModel.swift */ = {isa = PBXFileReference; lastKnownFileType = sourcecode.swift; path = ProgressViewModel.swift; sourceTree = "<group>"; };
		540AE9D835A0BA82FF8D9F3A /* AchievementBadge.swift */ = {isa = PBXFileReference; lastKnownFileType = sourcecode.swift; path = AchievementBadge.swift; sourceTree = "<group>"; };
		56C6A7CD32967EA17AC38C91 /* WordsListView.swift */ = {isa = PBXFileReference; lastKnownFileType = sourcecode.swift; path = WordsListView.swift; sourceTree = "<group>"; };
		58C0E48C0BF55AD046898C0D /* OnboardingViewModelTests.swift */ = {isa = PBXFileReference; lastKnownFileType = sourcecode.swift; path = OnboardingViewModelTests.swift; sourceTree = "<group>"; };
		5CA37342FDEA2AAD5B4C02A3 /* LetterQuestApp.swift */ = {isa = PBXFileReference; lastKnownFileType = sourcecode.swift; path = LetterQuestApp.swift; sourceTree = "<group>"; };
		5DCCC1D483472F7B4999104E /* ShapeAnalyzerTests.swift */ = {isa = PBXFileReference; lastKnownFileType = sourcecode.swift; path = ShapeAnalyzerTests.swift; sourceTree = "<group>"; };
		685D4E578FB8085B5FE88783 /* LetterQuest.app */ = {isa = PBXFileReference; explicitFileType = wrapper.application; includeInIndex = 0; path = LetterQuest.app; sourceTree = BUILT_PRODUCTS_DIR; };
		6B07C0281738EE4E807EC98C /* StrokeGuideOverlay.swift */ = {isa = PBXFileReference; lastKnownFileType = sourcecode.swift; path = StrokeGuideOverlay.swift; sourceTree = "<group>"; };
		7050E20CFD4CD5F4C26F1EA0 /* HomeViewModel.swift */ = {isa = PBXFileReference; lastKnownFileType = sourcecode.swift; path = HomeViewModel.swift; sourceTree = "<group>"; };
		71551025338921F4DACAFBCE /* SmoothnessAnalyzer.swift */ = {isa = PBXFileReference; lastKnownFileType = sourcecode.swift; path = SmoothnessAnalyzer.swift; sourceTree = "<group>"; };
		752BF22F42303DB5B0B3E3EC /* ChildProgressTests.swift */ = {isa = PBXFileReference; lastKnownFileType = sourcecode.swift; path = ChildProgressTests.swift; sourceTree = "<group>"; };
		755E5E548935587C9A488ED8 /* ProgressScreen.swift */ = {isa = PBXFileReference; lastKnownFileType = sourcecode.swift; path = ProgressScreen.swift; sourceTree = "<group>"; };
		75AA7BDFED2DF1B9EEECC31A /* Lens.swift */ = {isa = PBXFileReference; lastKnownFileType = sourcecode.swift; path = Lens.swift; sourceTree = "<group>"; };
		75B7A9E4F71584D92C44DECD /* CelebrationView.swift */ = {isa = PBXFileReference; lastKnownFileType = sourcecode.swift; path = CelebrationView.swift; sourceTree = "<group>"; };
		769BDC114A6316C66A5809FF /* LearnView.swift */ = {isa = PBXFileReference; lastKnownFileType = sourcecode.swift; path = LearnView.swift; sourceTree = "<group>"; };
		79607824A33E7C7AB8D13B39 /* WordProgressProtocol.swift */ = {isa = PBXFileReference; lastKnownFileType = sourcecode.swift; path = WordProgressProtocol.swift; sourceTree = "<group>"; };
		796BCAD52F4783AABB60AF24 /* HandwritingAssessor.swift */ = {isa = PBXFileReference; lastKnownFileType = sourcecode.swift; path = HandwritingAssessor.swift; sourceTree = "<group>"; };
		7A51E5DBF2E37C929565785F /* StrokeTemplateTests.swift */ = {isa = PBXFileReference; lastKnownFileType = sourcecode.swift; path = StrokeTemplateTests.swift; sourceTree = "<group>"; };
		7A57667741FF6BA4729D8286 /* sound_encouragement.caf */ = {isa = PBXFileReference; lastKnownFileType = file; path = sound_encouragement.caf; sourceTree = "<group>"; };
		7A604BB7282CA8344B6FE55E /* LearnViewModelProtocol.swift */ = {isa = PBXFileReference; lastKnownFileType = sourcecode.swift; path = LearnViewModelProtocol.swift; sourceTree = "<group>"; };
		7ABAEB6C942DF42D5E6CE1E6 /* WordPracticeView.swift */ = {isa = PBXFileReference; lastKnownFileType = sourcecode.swift; path = WordPracticeView.swift; sourceTree = "<group>"; };
		812309753D5215D0178B8211 /* ScorePanel.swift */ = {isa = PBXFileReference; lastKnownFileType = sourcecode.swift; path = ScorePanel.swift; sourceTree = "<group>"; };
		8174E42BF9DF884B1D8A9343 /* PracticeViewModel.swift */ = {isa = PBXFileReference; lastKnownFileType = sourcecode.swift; path = PracticeViewModel.swift; sourceTree = "<group>"; };
		86470B0C6B5DE23562E745F9 /* StrokeTemplateProtocol.swift */ = {isa = PBXFileReference; lastKnownFileType = sourcecode.swift; path = StrokeTemplateProtocol.swift; sourceTree = "<group>"; };
		89CAAF2A093EBC2A2F1BA683 /* OnboardingView.swift */ = {isa = PBXFileReference; lastKnownFileType = sourcecode.swift; path = OnboardingView.swift; sourceTree = "<group>"; };
		8A786F035A269449297E48A5 /* DTWMatcher.swift */ = {isa = PBXFileReference; lastKnownFileType = sourcecode.swift; path = DTWMatcher.swift; sourceTree = "<group>"; };
		90C78CA288CDEB2509B07416 /* AssessmentResultProtocol.swift */ = {isa = PBXFileReference; lastKnownFileType = sourcecode.swift; path = AssessmentResultProtocol.swift; sourceTree = "<group>"; };
		9433FE7BF0B0921DA1003DF8 /* ProportionChecker.swift */ = {isa = PBXFileReference; lastKnownFileType = sourcecode.swift; path = ProportionChecker.swift; sourceTree = "<group>"; };
		992F1C3DAA66101352456843 /* Letter.swift */ = {isa = PBXFileReference; lastKnownFileType = sourcecode.swift; path = Letter.swift; sourceTree = "<group>"; };
		9DC64F796C8A96655E9040C8 /* CanvasView.swift */ = {isa = PBXFileReference; lastKnownFileType = sourcecode.swift; path = CanvasView.swift; sourceTree = "<group>"; };
		9F108A164B40D096F83FAE75 /* LearnViewModel.swift */ = {isa = PBXFileReference; lastKnownFileType = sourcecode.swift; path = LearnViewModel.swift; sourceTree = "<group>"; };
		9F8B8D90AABAE9EE61A7F0FD /* LearnViewModelTests.swift */ = {isa = PBXFileReference; lastKnownFileType = sourcecode.swift; path = LearnViewModelTests.swift; sourceTree = "<group>"; };
		A1A593EAADE086878B90059F /* AssessmentResult.swift */ = {isa = PBXFileReference; lastKnownFileType = sourcecode.swift; path = AssessmentResult.swift; sourceTree = "<group>"; };
		AA1490535B1A62C544E6923E /* HomeViewModelTests.swift */ = {isa = PBXFileReference; lastKnownFileType = sourcecode.swift; path = HomeViewModelTests.swift; sourceTree = "<group>"; };
		AB4F7770EB00BEE163148049 /* WordProgressRepositoryProtocol.swift */ = {isa = PBXFileReference; lastKnownFileType = sourcecode.swift; path = WordProgressRepositoryProtocol.swift; sourceTree = "<group>"; };
		AB540C8E5E111E40885431ED /* SoundService.swift */ = {isa = PBXFileReference; lastKnownFileType = sourcecode.swift; path = SoundService.swift; sourceTree = "<group>"; };
		ACA258EAF1E83568E0F488E7 /* TestHelpers.swift */ = {isa = PBXFileReference; lastKnownFileType = sourcecode.swift; path = TestHelpers.swift; sourceTree = "<group>"; };
		AD09DC98861333C9172B7421 /* ScorePill.swift */ = {isa = PBXFileReference; lastKnownFileType = sourcecode.swift; path = ScorePill.swift; sourceTree = "<group>"; };
		B27552B2410B78FE5C0E6AA6 /* HapticsServiceProtocol.swift */ = {isa = PBXFileReference; lastKnownFileType = sourcecode.swift; path = HapticsServiceProtocol.swift; sourceTree = "<group>"; };
		B44760D62CCEA5B074DD5F27 /* ShapeAnalyzer.swift */ = {isa = PBXFileReference; lastKnownFileType = sourcecode.swift; path = ShapeAnalyzer.swift; sourceTree = "<group>"; };
		B4F9FA7EEE93838BAB4AE6C1 /* ProgressRepositoryProtocol.swift */ = {isa = PBXFileReference; lastKnownFileType = sourcecode.swift; path = ProgressRepositoryProtocol.swift; sourceTree = "<group>"; };
		B524F4541B1BEDB7961B62C8 /* WordsListViewModel.swift */ = {isa = PBXFileReference; lastKnownFileType = sourcecode.swift; path = WordsListViewModel.swift; sourceTree = "<group>"; };
		BB5006C5EDD04D1A214142CF /* AppRouter.swift */ = {isa = PBXFileReference; lastKnownFileType = sourcecode.swift; path = AppRouter.swift; sourceTree = "<group>"; };
		BE118BB1CB933C6335391313 /* WordsListViewModelProtocol.swift */ = {isa = PBXFileReference; lastKnownFileType = sourcecode.swift; path = WordsListViewModelProtocol.swift; sourceTree = "<group>"; };
		C310E3DEE06E8EEA6A2C88FF /* HomeView.swift */ = {isa = PBXFileReference; lastKnownFileType = sourcecode.swift; path = HomeView.swift; sourceTree = "<group>"; };
		C86CA09AC3AC82CBDEA1E454 /* WordRepository.swift */ = {isa = PBXFileReference; lastKnownFileType = sourcecode.swift; path = WordRepository.swift; sourceTree = "<group>"; };
		C87ACAF9266A84CAE59EF228 /* WordRepositoryTests.swift */ = {isa = PBXFileReference; lastKnownFileType = sourcecode.swift; path = WordRepositoryTests.swift; sourceTree = "<group>"; };
		D0BA1494A839E01A25A5AD47 /* WordPracticeViewModel.swift */ = {isa = PBXFileReference; lastKnownFileType = sourcecode.swift; path = WordPracticeViewModel.swift; sourceTree = "<group>"; };
		D7182F2B3AA59CB95B9C2508 /* ProgressRepository.swift */ = {isa = PBXFileReference; lastKnownFileType = sourcecode.swift; path = ProgressRepository.swift; sourceTree = "<group>"; };
		D782ED3BC37B1FCD49BF7A8E /* SoundServiceProtocol.swift */ = {isa = PBXFileReference; lastKnownFileType = sourcecode.swift; path = SoundServiceProtocol.swift; sourceTree = "<group>"; };
		DC956BF30AA90A0BC68A2B90 /* OnboardingViewModel.swift */ = {isa = PBXFileReference; lastKnownFileType = sourcecode.swift; path = OnboardingViewModel.swift; sourceTree = "<group>"; };
		DD166B1420DD78256836C576 /* OnboardingViewModelProtocol.swift */ = {isa = PBXFileReference; lastKnownFileType = sourcecode.swift; path = OnboardingViewModelProtocol.swift; sourceTree = "<group>"; };
		DDC768968026B7DBBFD074D8 /* WordProtocol.swift */ = {isa = PBXFileReference; lastKnownFileType = sourcecode.swift; path = WordProtocol.swift; sourceTree = "<group>"; };
		DEEEC5A6C57222A50AC1E976 /* StrokeTemplate.swift */ = {isa = PBXFileReference; lastKnownFileType = sourcecode.swift; path = StrokeTemplate.swift; sourceTree = "<group>"; };
		E02010C720AF0A2DBC189137 /* WordProgressTests.swift */ = {isa = PBXFileReference; lastKnownFileType = sourcecode.swift; path = WordProgressTests.swift; sourceTree = "<group>"; };
		E4D2B069F46666734EE1FADA /* LetterStrokeAnimation.swift */ = {isa = PBXFileReference; lastKnownFileType = sourcecode.swift; path = LetterStrokeAnimation.swift; sourceTree = "<group>"; };
		E98BF851C9FF32F003C10E72 /* AppRoute.swift */ = {isa = PBXFileReference; lastKnownFileType = sourcecode.swift; path = AppRoute.swift; sourceTree = "<group>"; };
		EC139D409E559F5D9F63BEB0 /* LetterRepositoryProtocol.swift */ = {isa = PBXFileReference; lastKnownFileType = sourcecode.swift; path = LetterRepositoryProtocol.swift; sourceTree = "<group>"; };
		EC830F81ABBE0BC4926A597A /* PracticeViewModelTests.swift */ = {isa = PBXFileReference; lastKnownFileType = sourcecode.swift; path = PracticeViewModelTests.swift; sourceTree = "<group>"; };
		F085CBBED8EEC14CCDC27117 /* sound_error.caf */ = {isa = PBXFileReference; lastKnownFileType = file; path = sound_error.caf; sourceTree = "<group>"; };
		F11F1ADFC6B274B1C32921F0 /* Info.plist */ = {isa = PBXFileReference; lastKnownFileType = text.plist; path = Info.plist; sourceTree = "<group>"; };
		F64BD1CC9C7F96F03B29CA0C /* HapticsServiceTests.swift */ = {isa = PBXFileReference; lastKnownFileType = sourcecode.swift; path = HapticsServiceTests.swift; sourceTree = "<group>"; };
		F6C739DE0E1CFA1139E76478 /* ProgressViewModelProtocol.swift */ = {isa = PBXFileReference; lastKnownFileType = sourcecode.swift; path = ProgressViewModelProtocol.swift; sourceTree = "<group>"; };
		F83C9544FC3E28466658DAEC /* LensTests.swift */ = {isa = PBXFileReference; lastKnownFileType = sourcecode.swift; path = LensTests.swift; sourceTree = "<group>"; };
/* End PBXFileReference section */

/* Begin PBXFrameworksBuildPhase section */
		97CF42E489045F1A788F7C42 /* Frameworks */ = {
			isa = PBXFrameworksBuildPhase;
			buildActionMask = 2147483647;
			files = (
				517207409B28B33D9B0E936B /* RxBlocking in Frameworks */,
			);
			runOnlyForDeploymentPostprocessing = 0;
		};
		EA2B61407DF5843E4481649C /* Frameworks */ = {
			isa = PBXFrameworksBuildPhase;
			buildActionMask = 2147483647;
			files = (
				2FA83E03644D242D87AD7DF6 /* RxSwift in Frameworks */,
				3A74D108A71BA78C827DA7D6 /* RxCocoa in Frameworks */,
				1AAEA498FAFBA942BAD4F2F7 /* RxRelay in Frameworks */,
			);
			runOnlyForDeploymentPostprocessing = 0;
		};
/* End PBXFrameworksBuildPhase section */

/* Begin PBXGroup section */
		08FB5EF347D642C3423C5889 /* Lenses */ = {
			isa = PBXGroup;
			children = (
				75AA7BDFED2DF1B9EEECC31A /* Lens.swift */,
			);
			path = Lenses;
			sourceTree = "<group>";
		};
		1A1BDE1CFFD52881C5683570 /* Words */ = {
			isa = PBXGroup;
			children = (
				7ABAEB6C942DF42D5E6CE1E6 /* WordPracticeView.swift */,
				56C6A7CD32967EA17AC38C91 /* WordsListView.swift */,
			);
			path = Words;
			sourceTree = "<group>";
		};
		1A5AB982E335B01962F0C83A /* Learn */ = {
			isa = PBXGroup;
			children = (
				769BDC114A6316C66A5809FF /* LearnView.swift */,
			);
			path = Learn;
			sourceTree = "<group>";
		};
		2B42ACBA229FD18EF30C5463 /* Models */ = {
			isa = PBXGroup;
			children = (
				540AE9D835A0BA82FF8D9F3A /* AchievementBadge.swift */,
				A1A593EAADE086878B90059F /* AssessmentResult.swift */,
				43BB3FCB9A449A7D44A8263F /* ChildProgress.swift */,
				992F1C3DAA66101352456843 /* Letter.swift */,
				404746555ACB7A87AACC3086 /* LetterCase.swift */,
				DEEEC5A6C57222A50AC1E976 /* StrokeTemplate.swift */,
				052412BBCAA0DF41312A3FF5 /* Word.swift */,
				4C5526126E9DECE2DF78BEE7 /* WordProgress.swift */,
				E334C679D8564BB13D79AEF2 /* Protocols */,
			);
			path = Models;
			sourceTree = "<group>";
		};
		3BA2EE8B2C1683565EA5C85C /* Sounds */ = {
			isa = PBXGroup;
			children = (
				7A57667741FF6BA4729D8286 /* sound_encouragement.caf */,
				F085CBBED8EEC14CCDC27117 /* sound_error.caf */,
				37550DB2F2BB3148C5AC8205 /* sound_success.caf */,
			);
			path = Sounds;
			sourceTree = "<group>";
		};
		3CBA0647B2271A33B92BD996 /* Sound */ = {
			isa = PBXGroup;
			children = (
				AB540C8E5E111E40885431ED /* SoundService.swift */,
				D782ED3BC37B1FCD49BF7A8E /* SoundServiceProtocol.swift */,
			);
			path = Sound;
			sourceTree = "<group>";
		};
		40A4227FAD20EAEB28256148 /* Progress */ = {
			isa = PBXGroup;
			children = (
				755E5E548935587C9A488ED8 /* ProgressScreen.swift */,
			);
			path = Progress;
			sourceTree = "<group>";
		};
		41ADDF05565F90983FCF5CC4 /* Haptics */ = {
			isa = PBXGroup;
			children = (
				431C1629B5AE066AC25E0A59 /* HapticsService.swift */,
				B27552B2410B78FE5C0E6AA6 /* HapticsServiceProtocol.swift */,
			);
			path = Haptics;
			sourceTree = "<group>";
		};
		44C5F50E7EA86721CD89E9EE /* Protocols */ = {
			isa = PBXGroup;
			children = (
				EC139D409E559F5D9F63BEB0 /* LetterRepositoryProtocol.swift */,
				B4F9FA7EEE93838BAB4AE6C1 /* ProgressRepositoryProtocol.swift */,
				AB4F7770EB00BEE163148049 /* WordProgressRepositoryProtocol.swift */,
				4BE6AA4D5E2FBD1B0AE12AA9 /* WordRepositoryProtocol.swift */,
			);
			path = Protocols;
			sourceTree = "<group>";
		};
		4C4C5BAEBE0DDAACBCB450A5 = {
			isa = PBXGroup;
			children = (
				6AF6C3E668B97AE47AB92E80 /* LetterQuest */,
				50055835EEE5CCF261F6A4C3 /* LetterQuestTests */,
				CDA9CD44F2F45B5EAC19FF16 /* Products */,
			);
			sourceTree = "<group>";
		};
		50055835EEE5CCF261F6A4C3 /* LetterQuestTests */ = {
			isa = PBXGroup;
			children = (
				752BF22F42303DB5B0B3E3EC /* ChildProgressTests.swift */,
				14844D93D177D69B434A05B8 /* DTWMatcherTests.swift */,
				327CAFE405041E641922A92B /* HandwritingAssessorTests.swift */,
				F64BD1CC9C7F96F03B29CA0C /* HapticsServiceTests.swift */,
				AA1490535B1A62C544E6923E /* HomeViewModelTests.swift */,
				9F8B8D90AABAE9EE61A7F0FD /* LearnViewModelTests.swift */,
				F83C9544FC3E28466658DAEC /* LensTests.swift */,
				112736289D485C88F57BBBFC /* LetterRepositoryTests.swift */,
				098BD4D277ED4F5A379EA444 /* LetterScoringTests.swift */,
				0162EBDB69F68A710DEA43CA /* LowercaseStrokeTemplateTests.swift */,
				58C0E48C0BF55AD046898C0D /* OnboardingViewModelTests.swift */,
				EC830F81ABBE0BC4926A597A /* PracticeViewModelTests.swift */,
				28651D65138E71D9AC880FB4 /* ProgressViewModelTests.swift */,
				0EFB2B9A02B86A4BBC360410 /* ProportionCheckerTests.swift */,
				5DCCC1D483472F7B4999104E /* ShapeAnalyzerTests.swift */,
				1F988D5DC353CEE31CF52154 /* SmoothnessAnalyzerTests.swift */,
				19CD5FDD0B1CAE3D731509FD /* SoundServiceTests.swift */,
				7A51E5DBF2E37C929565785F /* StrokeTemplateTests.swift */,
				ACA258EAF1E83568E0F488E7 /* TestHelpers.swift */,
				2253DC0191CAE3948F9DE007 /* WordPracticeViewModelTests.swift */,
				E02010C720AF0A2DBC189137 /* WordProgressTests.swift */,
				C87ACAF9266A84CAE59EF228 /* WordRepositoryTests.swift */,
			);
			path = LetterQuestTests;
			sourceTree = "<group>";
		};
		53B78EE4A20A5656F7FDF218 /* Repositories */ = {
			isa = PBXGroup;
			children = (
				1CDF4A71CDFE1769AF64E7BD /* LetterRepository.swift */,
				D7182F2B3AA59CB95B9C2508 /* ProgressRepository.swift */,
				1E00B0BED89AF331997BB16B /* WordProgressRepository.swift */,
				C86CA09AC3AC82CBDEA1E454 /* WordRepository.swift */,
				44C5F50E7EA86721CD89E9EE /* Protocols */,
			);
			path = Repositories;
			sourceTree = "<group>";
		};
		682778EF75A09B90C3BD479B /* Home */ = {
			isa = PBXGroup;
			children = (
				C310E3DEE06E8EEA6A2C88FF /* HomeView.swift */,
			);
			path = Home;
			sourceTree = "<group>";
		};
		6AF6C3E668B97AE47AB92E80 /* LetterQuest */ = {
			isa = PBXGroup;
			children = (
				049E3D5B8AC3C8FA37329337 /* Assets.xcassets */,
				E9D3DEE99781DB0433C20C82 /* App */,
				F43E356514FCF61A626E2AB1 /* Core */,
				2B42ACBA229FD18EF30C5463 /* Models */,
				FA6A28B963F9F4E950502B5B /* Navigation */,
				D1950BB12610FF87DB37D5F2 /* Resources */,
				8FA248B25FD6D335244C85AA /* ViewModels */,
				DC539059FCD0609D27D03055 /* Views */,
			);
			path = LetterQuest;
			sourceTree = "<group>";
		};
		8FA248B25FD6D335244C85AA /* ViewModels */ = {
			isa = PBXGroup;
			children = (
				7050E20CFD4CD5F4C26F1EA0 /* HomeViewModel.swift */,
				9F108A164B40D096F83FAE75 /* LearnViewModel.swift */,
				DC956BF30AA90A0BC68A2B90 /* OnboardingViewModel.swift */,
				8174E42BF9DF884B1D8A9343 /* PracticeViewModel.swift */,
				4DFA1C2FC6507233EE4ED1B0 /* ProgressViewModel.swift */,
				D0BA1494A839E01A25A5AD47 /* WordPracticeViewModel.swift */,
				B524F4541B1BEDB7961B62C8 /* WordsListViewModel.swift */,
				E048F9814BF66A602B848354 /* Protocols */,
			);
			path = ViewModels;
			sourceTree = "<group>";
		};
		9876BD4B1825C166FC9F0FA6 /* Assessment */ = {
			isa = PBXGroup;
			children = (
				8A786F035A269449297E48A5 /* DTWMatcher.swift */,
				796BCAD52F4783AABB60AF24 /* HandwritingAssessor.swift */,
				9433FE7BF0B0921DA1003DF8 /* ProportionChecker.swift */,
				B44760D62CCEA5B074DD5F27 /* ShapeAnalyzer.swift */,
				71551025338921F4DACAFBCE /* SmoothnessAnalyzer.swift */,
			);
			path = Assessment;
			sourceTree = "<group>";
		};
		CDA9CD44F2F45B5EAC19FF16 /* Products */ = {
			isa = PBXGroup;
			children = (
				685D4E578FB8085B5FE88783 /* LetterQuest.app */,
				49E23D18EA65BEF858EE505B /* LetterQuestTests.xctest */,
			);
			name = Products;
			sourceTree = "<group>";
		};
		CF00F67EE27B1FA0A5E30F8E /* Practice */ = {
			isa = PBXGroup;
			children = (
				9DC64F796C8A96655E9040C8 /* CanvasView.swift */,
				E4D2B069F46666734EE1FADA /* LetterStrokeAnimation.swift */,
				361739AB30540BC15E7C4DAB /* PracticeView.swift */,
				6B07C0281738EE4E807EC98C /* StrokeGuideOverlay.swift */,
			);
			path = Practice;
			sourceTree = "<group>";
		};
		D1950BB12610FF87DB37D5F2 /* Resources */ = {
			isa = PBXGroup;
			children = (
				F11F1ADFC6B274B1C32921F0 /* Info.plist */,
				3BA2EE8B2C1683565EA5C85C /* Sounds */,
			);
			path = Resources;
			sourceTree = "<group>";
		};
		DC539059FCD0609D27D03055 /* Views */ = {
			isa = PBXGroup;
			children = (
				682778EF75A09B90C3BD479B /* Home */,
				1A5AB982E335B01962F0C83A /* Learn */,
				FC2ED5733E41F444586994A6 /* Onboarding */,
				CF00F67EE27B1FA0A5E30F8E /* Practice */,
				40A4227FAD20EAEB28256148 /* Progress */,
				F76B12398926BB6E666D87F6 /* Shared */,
				1A1BDE1CFFD52881C5683570 /* Words */,
			);
			path = Views;
			sourceTree = "<group>";
		};
		E048F9814BF66A602B848354 /* Protocols */ = {
			isa = PBXGroup;
			children = (
				472F368E430B8FBD7DBFFB17 /* HomeViewModelProtocol.swift */,
				7A604BB7282CA8344B6FE55E /* LearnViewModelProtocol.swift */,
				DD166B1420DD78256836C576 /* OnboardingViewModelProtocol.swift */,
				006CA037E903B3D01C819D2F /* PracticeViewModelProtocol.swift */,
				F6C739DE0E1CFA1139E76478 /* ProgressViewModelProtocol.swift */,
				332411A270E26DE8065F5F41 /* WordPracticeViewModelProtocol.swift */,
				BE118BB1CB933C6335391313 /* WordsListViewModelProtocol.swift */,
			);
			path = Protocols;
			sourceTree = "<group>";
		};
		E334C679D8564BB13D79AEF2 /* Protocols */ = {
			isa = PBXGroup;
			children = (
				90C78CA288CDEB2509B07416 /* AssessmentResultProtocol.swift */,
				45B31FB8EC4D43AB1A4554C2 /* ChildProgressProtocol.swift */,
				4C2EFDE1845BA0B2B0E41EC5 /* LetterProtocol.swift */,
				86470B0C6B5DE23562E745F9 /* StrokeTemplateProtocol.swift */,
				79607824A33E7C7AB8D13B39 /* WordProgressProtocol.swift */,
				DDC768968026B7DBBFD074D8 /* WordProtocol.swift */,
			);
			path = Protocols;
			sourceTree = "<group>";
		};
		E9D3DEE99781DB0433C20C82 /* App */ = {
			isa = PBXGroup;
			children = (
				5CA37342FDEA2AAD5B4C02A3 /* LetterQuestApp.swift */,
			);
			path = App;
			sourceTree = "<group>";
		};
		F43E356514FCF61A626E2AB1 /* Core */ = {
			isa = PBXGroup;
			children = (
				9876BD4B1825C166FC9F0FA6 /* Assessment */,
				41ADDF05565F90983FCF5CC4 /* Haptics */,
				08FB5EF347D642C3423C5889 /* Lenses */,
				53B78EE4A20A5656F7FDF218 /* Repositories */,
				3CBA0647B2271A33B92BD996 /* Sound */,
			);
			path = Core;
			sourceTree = "<group>";
		};
		F76B12398926BB6E666D87F6 /* Shared */ = {
			isa = PBXGroup;
			children = (
				75B7A9E4F71584D92C44DECD /* CelebrationView.swift */,
				812309753D5215D0178B8211 /* ScorePanel.swift */,
				AD09DC98861333C9172B7421 /* ScorePill.swift */,
				29AA0C5BA26A868B818A9A68 /* WordCelebrationView.swift */,
			);
			path = Shared;
			sourceTree = "<group>";
		};
		FA6A28B963F9F4E950502B5B /* Navigation */ = {
			isa = PBXGroup;
			children = (
				E98BF851C9FF32F003C10E72 /* AppRoute.swift */,
				BB5006C5EDD04D1A214142CF /* AppRouter.swift */,
			);
			path = Navigation;
			sourceTree = "<group>";
		};
		FC2ED5733E41F444586994A6 /* Onboarding */ = {
			isa = PBXGroup;
			children = (
				89CAAF2A093EBC2A2F1BA683 /* OnboardingView.swift */,
			);
			path = Onboarding;
			sourceTree = "<group>";
		};
/* End PBXGroup section */

/* Begin PBXNativeTarget section */
		6A70E31AD1EDDBB1E656BA29 /* LetterQuest */ = {
			isa = PBXNativeTarget;
			buildConfigurationList = A19D2F846350F28CF4816394 /* Build configuration list for PBXNativeTarget "LetterQuest" */;
			buildPhases = (
				9C53E6D73E594FF9CCB3DC5E /* Sources */,
				E6ADFDA08911FA2BDD267774 /* Resources */,
				EA2B61407DF5843E4481649C /* Frameworks */,
			);
			buildRules = (
			);
			dependencies = (
			);
			name = LetterQuest;
			packageProductDependencies = (
				6FF719E46BBC822302DC9981 /* RxSwift */,
				214F97C7D070D21079B32FB6 /* RxCocoa */,
				6FFE7940C51255B699CEE6AD /* RxRelay */,
			);
			productName = LetterQuest;
			productReference = 685D4E578FB8085B5FE88783 /* LetterQuest.app */;
			productType = "com.apple.product-type.application";
		};
		C5D070A94ADAABACFF77F74E /* LetterQuestTests */ = {
			isa = PBXNativeTarget;
			buildConfigurationList = 2AA2B66F9C1D7CE5EC59E589 /* Build configuration list for PBXNativeTarget "LetterQuestTests" */;
			buildPhases = (
				12D2120FE427AB238DE11622 /* Sources */,
				97CF42E489045F1A788F7C42 /* Frameworks */,
			);
			buildRules = (
			);
			dependencies = (
				7DD8D63826380E2711CCAA53 /* PBXTargetDependency */,
			);
			name = LetterQuestTests;
			packageProductDependencies = (
				92EF0825BE013DD9D3A9E411 /* RxBlocking */,
			);
			productName = LetterQuestTests;
			productReference = 49E23D18EA65BEF858EE505B /* LetterQuestTests.xctest */;
			productType = "com.apple.product-type.bundle.unit-test";
		};
/* End PBXNativeTarget section */

/* Begin PBXProject section */
		6C1DB78235DDA218A899FDDA /* Project object */ = {
			isa = PBXProject;
			attributes = {
				BuildIndependentTargetsInParallel = YES;
				LastUpgradeCheck = 1430;
			};
			buildConfigurationList = 7658CB113F7739D34C1B17A3 /* Build configuration list for PBXProject "LetterQuest" */;
			developmentRegion = en;
			hasScannedForEncodings = 0;
			knownRegions = (
				Base,
				en,
			);
			mainGroup = 4C4C5BAEBE0DDAACBCB450A5;
			minimizedProjectReferenceProxies = 1;
			packageReferences = (
				1008EE22F00F4BD78315DAFB /* XCRemoteSwiftPackageReference "RxSwift" */,
			);
			preferredProjectObjectVersion = 77;
			productRefGroup = CDA9CD44F2F45B5EAC19FF16 /* Products */;
			projectDirPath = "";
			projectRoot = "";
			targets = (
				6A70E31AD1EDDBB1E656BA29 /* LetterQuest */,
				C5D070A94ADAABACFF77F74E /* LetterQuestTests */,
			);
		};
/* End PBXProject section */

/* Begin PBXResourcesBuildPhase section */
		E6ADFDA08911FA2BDD267774 /* Resources */ = {
			isa = PBXResourcesBuildPhase;
			buildActionMask = 2147483647;
			files = (
				12918A73A692FC1E50FA92CA /* Assets.xcassets in Resources */,
				27DA112CA7D25F1402EE9A65 /* sound_encouragement.caf in Resources */,
				114BBE5C2562BF5C106A313C /* sound_error.caf in Resources */,
				D1A289C9CA22DB10A07EA656 /* sound_success.caf in Resources */,
			);
			runOnlyForDeploymentPostprocessing = 0;
		};
/* End PBXResourcesBuildPhase section */

/* Begin PBXSourcesBuildPhase section */
		12D2120FE427AB238DE11622 /* Sources */ = {
			isa = PBXSourcesBuildPhase;
			buildActionMask = 2147483647;
			files = (
				D75B85120991EE10E96CDB62 /* ChildProgressTests.swift in Sources */,
				95355797DCF9EA8A155451AC /* DTWMatcherTests.swift in Sources */,
				D66AE5ACA26B25C89D5F616E /* HandwritingAssessorTests.swift in Sources */,
				C4498613B4EBD8310305C333 /* HapticsServiceTests.swift in Sources */,
				8558DF4AC3AAEF02A8052DC7 /* HomeViewModelTests.swift in Sources */,
				F1CF4683AD601C54D43C116D /* LearnViewModelTests.swift in Sources */,
				2D469449D00D8D85BE73A3AC /* LensTests.swift in Sources */,
				0C89D7CA2F337159AA5E0543 /* LetterRepositoryTests.swift in Sources */,
				22BD7ABFC5C05A97CB5994B4 /* LetterScoringTests.swift in Sources */,
				BF4D8EBBBA0597D718A4C240 /* LowercaseStrokeTemplateTests.swift in Sources */,
				1E730A783A43E01BC163657C /* OnboardingViewModelTests.swift in Sources */,
				4532FC4173315C68A979A36D /* PracticeViewModelTests.swift in Sources */,
				605FE2295376EEED7F73F227 /* ProgressViewModelTests.swift in Sources */,
				B99CA6F8B5A50C69997E1DF1 /* ProportionCheckerTests.swift in Sources */,
				2F0AC813FE9B4298F4957B57 /* ShapeAnalyzerTests.swift in Sources */,
				F538299546D668A47B6EE5F0 /* SmoothnessAnalyzerTests.swift in Sources */,
				7DBBD87D4D4A6CDC74F4504F /* SoundServiceTests.swift in Sources */,
				7962FDB7D15A0D0451DB8DA8 /* StrokeTemplateTests.swift in Sources */,
				6F7E36540016714C7DB7B43C /* TestHelpers.swift in Sources */,
				E7FF178FF61EEEFDFB5697CA /* WordPracticeViewModelTests.swift in Sources */,
				F404677370487D7F5964FA66 /* WordProgressTests.swift in Sources */,
				B05151260752971A2CE47A13 /* WordRepositoryTests.swift in Sources */,
			);
			runOnlyForDeploymentPostprocessing = 0;
		};
		9C53E6D73E594FF9CCB3DC5E /* Sources */ = {
			isa = PBXSourcesBuildPhase;
			buildActionMask = 2147483647;
			files = (
				DAF6BC03B924E5C3523D532A /* AchievementBadge.swift in Sources */,
				DBA9637684908B7582D19E16 /* AppRoute.swift in Sources */,
				59EC2279CF18F11DA517756E /* AppRouter.swift in Sources */,
				7F1390568AD284D923982337 /* AssessmentResult.swift in Sources */,
				E46D41396A93EC38E024807B /* AssessmentResultProtocol.swift in Sources */,
				46DFA9DFD8C9A550CE79C791 /* CanvasView.swift in Sources */,
				680D2B9EB7258B6AD0DC9FD7 /* CelebrationView.swift in Sources */,
				7277E698B6C392368B5423B5 /* ChildProgress.swift in Sources */,
				136D979DF75E2740C8ECC353 /* ChildProgressProtocol.swift in Sources */,
				B06EBF4172C52F5CE7FC8716 /* DTWMatcher.swift in Sources */,
				AC2864E30477318FBD6CD0B8 /* HandwritingAssessor.swift in Sources */,
				E13701B74708E7C301467F03 /* HapticsService.swift in Sources */,
				A1062EE2F9E582746EA828BC /* HapticsServiceProtocol.swift in Sources */,
				9E26604338D5E624A16187CA /* HomeView.swift in Sources */,
				484DC7D7ABF6FE3733BA41BB /* HomeViewModel.swift in Sources */,
				DEA4A439E1B101A18CA093EA /* HomeViewModelProtocol.swift in Sources */,
				34FFBD85F89D9636D310EC1F /* LearnView.swift in Sources */,
				4078C636D3D277F862B24278 /* LearnViewModel.swift in Sources */,
				690EB36D1B9A0102586C3E8B /* LearnViewModelProtocol.swift in Sources */,
				9A6DAA17C670E5ED337829AF /* Lens.swift in Sources */,
				44DA0C98D55A561DA0B29E28 /* Letter.swift in Sources */,
				9EE7F7E824575E0235F329BC /* LetterCase.swift in Sources */,
				0A47B95BF53DAF2011672F01 /* LetterProtocol.swift in Sources */,
				21F3D34CFA21BBB0EEA3549C /* LetterQuestApp.swift in Sources */,
				15E17022F26E8CA865792648 /* LetterRepository.swift in Sources */,
				99D4F884375F9DA00A6EA5BF /* LetterRepositoryProtocol.swift in Sources */,
				5DA251F19E421957E911B866 /* LetterStrokeAnimation.swift in Sources */,
				63B2F0279FF38EBA744A2F83 /* OnboardingView.swift in Sources */,
				5D466BDFF44F710BE9A6A09F /* OnboardingViewModel.swift in Sources */,
				CD77154B592617A684047983 /* OnboardingViewModelProtocol.swift in Sources */,
				8123E62C8F46557786CA4D08 /* PracticeView.swift in Sources */,
				6BFA7BC96A072B6111F3B7AD /* PracticeViewModel.swift in Sources */,
				455CAD4836C99400CF343223 /* PracticeViewModelProtocol.swift in Sources */,
				EDA3268A3A774B91C8271567 /* ProgressRepository.swift in Sources */,
				C69AFC2FCAF755586AC26092 /* ProgressRepositoryProtocol.swift in Sources */,
				270725F6A5F9E477A8BC87D3 /* ProgressScreen.swift in Sources */,
				B503D649F7C98E7B0522FC5B /* ProgressViewModel.swift in Sources */,
				386FA05BB0E7003B495A7E5C /* ProgressViewModelProtocol.swift in Sources */,
				75AE70044E0F3054D8787A9D /* ProportionChecker.swift in Sources */,
				36BAF5DA4115561440D2EC1C /* ScorePanel.swift in Sources */,
				001DF2E47D4BC8313862FAE7 /* ScorePill.swift in Sources */,
				C071C4B9FB90BDE9AA8FFF7D /* ShapeAnalyzer.swift in Sources */,
				C8528D90E1001EF541C7A78C /* SmoothnessAnalyzer.swift in Sources */,
				EA35A4149A3F37A9E63E552E /* SoundService.swift in Sources */,
				63BFCC0C7BE4D144ED007D1C /* SoundServiceProtocol.swift in Sources */,
				1DD78C33A7C8D8414719AFE7 /* StrokeGuideOverlay.swift in Sources */,
				79CBA484961EFEC361FFACEA /* StrokeTemplate.swift in Sources */,
				B5851D2B3EAC1AFA277C53E1 /* StrokeTemplateProtocol.swift in Sources */,
				98B07794A2040BA00636BF29 /* Word.swift in Sources */,
				44898E4D49374CC791843BD4 /* WordCelebrationView.swift in Sources */,
				D6BF06BA1DDFA359D2A76147 /* WordPracticeView.swift in Sources */,
				6A72222B14250807CE544385 /* WordPracticeViewModel.swift in Sources */,
				5721F84B10244DB6514838A0 /* WordPracticeViewModelProtocol.swift in Sources */,
				4D8DFF53DB39AD4E0D9686F4 /* WordProgress.swift in Sources */,
				44FE18163DF3BA7E7169E33E /* WordProgressProtocol.swift in Sources */,
				75AF59D9A0DD1A56DCB81010 /* WordProgressRepository.swift in Sources */,
				077D830184BB5B8970CBC226 /* WordProgressRepositoryProtocol.swift in Sources */,
				C682F230C291DB27864F44E0 /* WordProtocol.swift in Sources */,
				DA491A86164285A5F76D9E7F /* WordRepository.swift in Sources */,
				E208F5607BDF6DCC6A595729 /* WordRepositoryProtocol.swift in Sources */,
				B3F54C178EC20045B8C1A11F /* WordsListView.swift in Sources */,
				44FAB1AE4C734AD6F9F78835 /* WordsListViewModel.swift in Sources */,
				2967997C3EB4BF51D837D3CD /* WordsListViewModelProtocol.swift in Sources */,
			);
			runOnlyForDeploymentPostprocessing = 0;
		};
/* End PBXSourcesBuildPhase section */

/* Begin PBXTargetDependency section */
		7DD8D63826380E2711CCAA53 /* PBXTargetDependency */ = {
			isa = PBXTargetDependency;
			target = 6A70E31AD1EDDBB1E656BA29 /* LetterQuest */;
			targetProxy = 65D21FC6574DEAED98B20FFF /* PBXContainerItemProxy */;
		};
/* End PBXTargetDependency section */

/* Begin XCBuildConfiguration section */
		272533CC67F8A2C7AE67640F /* Debug */ = {
			isa = XCBuildConfiguration;
			buildSettings = {
				ASSETCATALOG_COMPILER_APPICON_NAME = AppIcon;
				CODE_SIGN_IDENTITY = "iPhone Developer";
				DEVELOPMENT_TEAM = ENT89NLKC9;
				INFOPLIST_FILE = LetterQuest/Resources/Info.plist;
				IPHONEOS_DEPLOYMENT_TARGET = 17.0;
				LD_RUNPATH_SEARCH_PATHS = (
					"$(inherited)",
					"@executable_path/Frameworks",
				);
				PRODUCT_BUNDLE_IDENTIFIER = com.letterquest.app;
				SDKROOT = iphoneos;
				SUPPORTS_MACCATALYST = NO;
				SWIFT_VERSION = 5.9;
				TARGETED_DEVICE_FAMILY = "1,2";
			};
			name = Debug;
		};
		510025033D639DA993E5EB62 /* Debug */ = {
			isa = XCBuildConfiguration;
			buildSettings = {
				ALWAYS_SEARCH_USER_PATHS = NO;
				CLANG_ANALYZER_NONNULL = YES;
				CLANG_ANALYZER_NUMBER_OBJECT_CONVERSION = YES_AGGRESSIVE;
				CLANG_CXX_LANGUAGE_STANDARD = "gnu++14";
				CLANG_CXX_LIBRARY = "libc++";
				CLANG_ENABLE_MODULES = YES;
				CLANG_ENABLE_OBJC_ARC = YES;
				CLANG_ENABLE_OBJC_WEAK = YES;
				CLANG_WARN_BLOCK_CAPTURE_AUTORELEASING = YES;
				CLANG_WARN_BOOL_CONVERSION = YES;
				CLANG_WARN_COMMA = YES;
				CLANG_WARN_CONSTANT_CONVERSION = YES;
				CLANG_WARN_DEPRECATED_OBJC_IMPLEMENTATIONS = YES;
				CLANG_WARN_DIRECT_OBJC_ISA_USAGE = YES_ERROR;
				CLANG_WARN_DOCUMENTATION_COMMENTS = YES;
				CLANG_WARN_EMPTY_BODY = YES;
				CLANG_WARN_ENUM_CONVERSION = YES;
				CLANG_WARN_INFINITE_RECURSION = YES;
				CLANG_WARN_INT_CONVERSION = YES;
				CLANG_WARN_NON_LITERAL_NULL_CONVERSION = YES;
				CLANG_WARN_OBJC_IMPLICIT_RETAIN_SELF = YES;
				CLANG_WARN_OBJC_LITERAL_CONVERSION = YES;
				CLANG_WARN_OBJC_ROOT_CLASS = YES_ERROR;
				CLANG_WARN_QUOTED_INCLUDE_IN_FRAMEWORK_HEADER = YES;
				CLANG_WARN_RANGE_LOOP_ANALYSIS = YES;
				CLANG_WARN_STRICT_PROTOTYPES = YES;
				CLANG_WARN_SUSPICIOUS_MOVE = YES;
				CLANG_WARN_UNGUARDED_AVAILABILITY = YES_AGGRESSIVE;
				CLANG_WARN_UNREACHABLE_CODE = YES;
				CLANG_WARN__DUPLICATE_METHOD_MATCH = YES;
				COPY_PHASE_STRIP = NO;
				DEBUG_INFORMATION_FORMAT = dwarf;
				ENABLE_STRICT_OBJC_MSGSEND = YES;
				ENABLE_TESTABILITY = YES;
				GCC_C_LANGUAGE_STANDARD = gnu11;
				GCC_DYNAMIC_NO_PIC = NO;
				GCC_NO_COMMON_BLOCKS = YES;
				GCC_OPTIMIZATION_LEVEL = 0;
				GCC_PREPROCESSOR_DEFINITIONS = (
					"$(inherited)",
					"DEBUG=1",
				);
				GCC_WARN_64_TO_32_BIT_CONVERSION = YES;
				GCC_WARN_ABOUT_RETURN_TYPE = YES_ERROR;
				GCC_WARN_UNDECLARED_SELECTOR = YES;
				GCC_WARN_UNINITIALIZED_AUTOS = YES_AGGRESSIVE;
				GCC_WARN_UNUSED_FUNCTION = YES;
				GCC_WARN_UNUSED_VARIABLE = YES;
				IPHONEOS_DEPLOYMENT_TARGET = 17.0;
				MTL_ENABLE_DEBUG_INFO = INCLUDE_SOURCE;
				MTL_FAST_MATH = YES;
				ONLY_ACTIVE_ARCH = YES;
				PRODUCT_NAME = "$(TARGET_NAME)";
				SDKROOT = iphoneos;
				SWIFT_ACTIVE_COMPILATION_CONDITIONS = DEBUG;
				SWIFT_OPTIMIZATION_LEVEL = "-Onone";
				SWIFT_VERSION = 5.0;
			};
			name = Debug;
		};
		73DEAB0A5D97561EFCF74267 /* Debug */ = {
			isa = XCBuildConfiguration;
			buildSettings = {
				BUNDLE_LOADER = "$(TEST_HOST)";
				DEVELOPMENT_TEAM = ENT89NLKC9;
				GENERATE_INFOPLIST_FILE = YES;
				IPHONEOS_DEPLOYMENT_TARGET = 17.0;
				LD_RUNPATH_SEARCH_PATHS = (
					"$(inherited)",
					"@executable_path/Frameworks",
					"@loader_path/Frameworks",
				);
				PRODUCT_BUNDLE_IDENTIFIER = com.letterquest.LetterQuestTests;
				SDKROOT = iphoneos;
				SWIFT_VERSION = 6.0;
				TARGETED_DEVICE_FAMILY = "1,2";
				TEST_HOST = "$(BUILT_PRODUCTS_DIR)/LetterQuest.app/LetterQuest";
			};
			name = Debug;
		};
		A31C1208CBA06D7B332633F9 /* Release */ = {
			isa = XCBuildConfiguration;
			buildSettings = {
				ASSETCATALOG_COMPILER_APPICON_NAME = AppIcon;
				CODE_SIGN_IDENTITY = "iPhone Developer";
				DEVELOPMENT_TEAM = ENT89NLKC9;
				INFOPLIST_FILE = LetterQuest/Resources/Info.plist;
				IPHONEOS_DEPLOYMENT_TARGET = 17.0;
				LD_RUNPATH_SEARCH_PATHS = (
					"$(inherited)",
					"@executable_path/Frameworks",
				);
				PRODUCT_BUNDLE_IDENTIFIER = com.letterquest.app;
				SDKROOT = iphoneos;
				SUPPORTS_MACCATALYST = NO;
				SWIFT_VERSION = 5.9;
				TARGETED_DEVICE_FAMILY = "1,2";
			};
			name = Release;
		};
		BBE0F265E753C878162805D6 /* Release */ = {
			isa = XCBuildConfiguration;
			buildSettings = {
				ALWAYS_SEARCH_USER_PATHS = NO;
				CLANG_ANALYZER_NONNULL = YES;
				CLANG_ANALYZER_NUMBER_OBJECT_CONVERSION = YES_AGGRESSIVE;
				CLANG_CXX_LANGUAGE_STANDARD = "gnu++14";
				CLANG_CXX_LIBRARY = "libc++";
				CLANG_ENABLE_MODULES = YES;
				CLANG_ENABLE_OBJC_ARC = YES;
				CLANG_ENABLE_OBJC_WEAK = YES;
				CLANG_WARN_BLOCK_CAPTURE_AUTORELEASING = YES;
				CLANG_WARN_BOOL_CONVERSION = YES;
				CLANG_WARN_COMMA = YES;
				CLANG_WARN_CONSTANT_CONVERSION = YES;
				CLANG_WARN_DEPRECATED_OBJC_IMPLEMENTATIONS = YES;
				CLANG_WARN_DIRECT_OBJC_ISA_USAGE = YES_ERROR;
				CLANG_WARN_DOCUMENTATION_COMMENTS = YES;
				CLANG_WARN_EMPTY_BODY = YES;
				CLANG_WARN_ENUM_CONVERSION = YES;
				CLANG_WARN_INFINITE_RECURSION = YES;
				CLANG_WARN_INT_CONVERSION = YES;
				CLANG_WARN_NON_LITERAL_NULL_CONVERSION = YES;
				CLANG_WARN_OBJC_IMPLICIT_RETAIN_SELF = YES;
				CLANG_WARN_OBJC_LITERAL_CONVERSION = YES;
				CLANG_WARN_OBJC_ROOT_CLASS = YES_ERROR;
				CLANG_WARN_QUOTED_INCLUDE_IN_FRAMEWORK_HEADER = YES;
				CLANG_WARN_RANGE_LOOP_ANALYSIS = YES;
				CLANG_WARN_STRICT_PROTOTYPES = YES;
				CLANG_WARN_SUSPICIOUS_MOVE = YES;
				CLANG_WARN_UNGUARDED_AVAILABILITY = YES_AGGRESSIVE;
				CLANG_WARN_UNREACHABLE_CODE = YES;
				CLANG_WARN__DUPLICATE_METHOD_MATCH = YES;
				COPY_PHASE_STRIP = NO;
				DEBUG_INFORMATION_FORMAT = "dwarf-with-dsym";
				ENABLE_NS_ASSERTIONS = NO;
				ENABLE_STRICT_OBJC_MSGSEND = YES;
				GCC_C_LANGUAGE_STANDARD = gnu11;
				GCC_NO_COMMON_BLOCKS = YES;
				GCC_WARN_64_TO_32_BIT_CONVERSION = YES;
				GCC_WARN_ABOUT_RETURN_TYPE = YES_ERROR;
				GCC_WARN_UNDECLARED_SELECTOR = YES;
				GCC_WARN_UNINITIALIZED_AUTOS = YES_AGGRESSIVE;
				GCC_WARN_UNUSED_FUNCTION = YES;
				GCC_WARN_UNUSED_VARIABLE = YES;
				IPHONEOS_DEPLOYMENT_TARGET = 17.0;
				MTL_ENABLE_DEBUG_INFO = NO;
				MTL_FAST_MATH = YES;
				PRODUCT_NAME = "$(TARGET_NAME)";
				SDKROOT = iphoneos;
				SWIFT_COMPILATION_MODE = wholemodule;
				SWIFT_OPTIMIZATION_LEVEL = "-O";
				SWIFT_VERSION = 5.0;
			};
			name = Release;
		};
		CEF694D1DE8EBE0A21E57E56 /* Release */ = {
			isa = XCBuildConfiguration;
			buildSettings = {
				BUNDLE_LOADER = "$(TEST_HOST)";
				DEVELOPMENT_TEAM = ENT89NLKC9;
				GENERATE_INFOPLIST_FILE = YES;
				IPHONEOS_DEPLOYMENT_TARGET = 17.0;
				LD_RUNPATH_SEARCH_PATHS = (
					"$(inherited)",
					"@executable_path/Frameworks",
					"@loader_path/Frameworks",
				);
				PRODUCT_BUNDLE_IDENTIFIER = com.letterquest.LetterQuestTests;
				SDKROOT = iphoneos;
				SWIFT_VERSION = 6.0;
				TARGETED_DEVICE_FAMILY = "1,2";
				TEST_HOST = "$(BUILT_PRODUCTS_DIR)/LetterQuest.app/LetterQuest";
			};
			name = Release;
		};
/* End XCBuildConfiguration section */

/* Begin XCConfigurationList section */
		2AA2B66F9C1D7CE5EC59E589 /* Build configuration list for PBXNativeTarget "LetterQuestTests" */ = {
			isa = XCConfigurationList;
			buildConfigurations = (
				73DEAB0A5D97561EFCF74267 /* Debug */,
				CEF694D1DE8EBE0A21E57E56 /* Release */,
			);
			defaultConfigurationIsVisible = 0;
			defaultConfigurationName = Debug;
		};
		7658CB113F7739D34C1B17A3 /* Build configuration list for PBXProject "LetterQuest" */ = {
			isa = XCConfigurationList;
			buildConfigurations = (
				510025033D639DA993E5EB62 /* Debug */,
				BBE0F265E753C878162805D6 /* Release */,
			);
			defaultConfigurationIsVisible = 0;
			defaultConfigurationName = Debug;
		};
		A19D2F846350F28CF4816394 /* Build configuration list for PBXNativeTarget "LetterQuest" */ = {
			isa = XCConfigurationList;
			buildConfigurations = (
				272533CC67F8A2C7AE67640F /* Debug */,
				A31C1208CBA06D7B332633F9 /* Release */,
			);
			defaultConfigurationIsVisible = 0;
			defaultConfigurationName = Debug;
		};
/* End XCConfigurationList section */

/* Begin XCRemoteSwiftPackageReference section */
		1008EE22F00F4BD78315DAFB /* XCRemoteSwiftPackageReference "RxSwift" */ = {
			isa = XCRemoteSwiftPackageReference;
			repositoryURL = "https://github.com/ReactiveX/RxSwift";
			requirement = {
				kind = upToNextMajorVersion;
				minimumVersion = 6.7.1;
			};
		};
/* End XCRemoteSwiftPackageReference section */

/* Begin XCSwiftPackageProductDependency section */
		214F97C7D070D21079B32FB6 /* RxCocoa */ = {
			isa = XCSwiftPackageProductDependency;
			package = 1008EE22F00F4BD78315DAFB /* XCRemoteSwiftPackageReference "RxSwift" */;
			productName = RxCocoa;
		};
		6FF719E46BBC822302DC9981 /* RxSwift */ = {
			isa = XCSwiftPackageProductDependency;
			package = 1008EE22F00F4BD78315DAFB /* XCRemoteSwiftPackageReference "RxSwift" */;
			productName = RxSwift;
		};
		6FFE7940C51255B699CEE6AD /* RxRelay */ = {
			isa = XCSwiftPackageProductDependency;
			package = 1008EE22F00F4BD78315DAFB /* XCRemoteSwiftPackageReference "RxSwift" */;
			productName = RxRelay;
		};
		92EF0825BE013DD9D3A9E411 /* RxBlocking */ = {
			isa = XCSwiftPackageProductDependency;
			package = 1008EE22F00F4BD78315DAFB /* XCRemoteSwiftPackageReference "RxSwift" */;
			productName = RxBlocking;
		};
/* End XCSwiftPackageProductDependency section */
	};
	rootObject = 6C1DB78235DDA218A899FDDA /* Project object */;
}
